// !$*UTF8*$!
{
	archiveVersion = 1;
	classes = {
	};
	objectVersion = 56;
	objects = {

/* Begin PBXBuildFile section */
		F5E19DEA2BCD47EA00513C45 /* SwiftToDoApp.swift in Sources */ = {isa = PBXBuildFile; fileRef = F5E19DE92BCD47EA00513C45 /* SwiftToDoApp.swift */; };
		F5E19DEC2BCD47EA00513C45 /* ContentView.swift in Sources */ = {isa = PBXBuildFile; fileRef = F5E19DEB2BCD47EA00513C45 /* ContentView.swift */; };
		F5E19DEE2BCD47EC00513C45 /* Assets.xcassets in Resources */ = {isa = PBXBuildFile; fileRef = F5E19DED2BCD47EC00513C45 /* Assets.xcassets */; };
		F5E19DF12BCD47EC00513C45 /* Preview Assets.xcassets in Resources */ = {isa = PBXBuildFile; fileRef = F5E19DF02BCD47EC00513C45 /* Preview Assets.xcassets */; };
		F5E19DFB2BCD47EC00513C45 /* SwiftToDoTests.swift in Sources */ = {isa = PBXBuildFile; fileRef = F5E19DFA2BCD47EC00513C45 /* SwiftToDoTests.swift */; };
		F5E19E052BCD47EC00513C45 /* SwiftToDoUITests.swift in Sources */ = {isa = PBXBuildFile; fileRef = F5E19E042BCD47EC00513C45 /* SwiftToDoUITests.swift */; };
		F5E19E072BCD47EC00513C45 /* SwiftToDoUITestsLaunchTests.swift in Sources */ = {isa = PBXBuildFile; fileRef = F5E19E062BCD47EC00513C45 /* SwiftToDoUITestsLaunchTests.swift */; };
		F5E19E142BCD47F900513C45 /* Homescreen.swift in Sources */ = {isa = PBXBuildFile; fileRef = F5E19E132BCD47F900513C45 /* Homescreen.swift */; };
/* End PBXBuildFile section */

/* Begin PBXContainerItemProxy section */
		F5E19DF72BCD47EC00513C45 /* PBXContainerItemProxy */ = {
			isa = PBXContainerItemProxy;
			containerPortal = F5E19DDE2BCD47EA00513C45 /* Project object */;
			proxyType = 1;
			remoteGlobalIDString = F5E19DE52BCD47EA00513C45;
			remoteInfo = SwiftToDo;
		};
		F5E19E012BCD47EC00513C45 /* PBXContainerItemProxy */ = {
			isa = PBXContainerItemProxy;
			containerPortal = F5E19DDE2BCD47EA00513C45 /* Project object */;
			proxyType = 1;
			remoteGlobalIDString = F5E19DE52BCD47EA00513C45;
			remoteInfo = SwiftToDo;
		};
/* End PBXContainerItemProxy section */

/* Begin PBXFileReference section */
		F5E19DE62BCD47EA00513C45 /* SwiftToDo.app */ = {isa = PBXFileReference; explicitFileType = wrapper.application; includeInIndex = 0; path = SwiftToDo.app; sourceTree = BUILT_PRODUCTS_DIR; };
		F5E19DE92BCD47EA00513C45 /* SwiftToDoApp.swift */ = {isa = PBXFileReference; lastKnownFileType = sourcecode.swift; path = SwiftToDoApp.swift; sourceTree = "<group>"; };
		F5E19DEB2BCD47EA00513C45 /* ContentView.swift */ = {isa = PBXFileReference; lastKnownFileType = sourcecode.swift; path = ContentView.swift; sourceTree = "<group>"; };
		F5E19DED2BCD47EC00513C45 /* Assets.xcassets */ = {isa = PBXFileReference; lastKnownFileType = folder.assetcatalog; path = Assets.xcassets; sourceTree = "<group>"; };
		F5E19DF02BCD47EC00513C45 /* Preview Assets.xcassets */ = {isa = PBXFileReference; lastKnownFileType = folder.assetcatalog; path = "Preview Assets.xcassets"; sourceTree = "<group>"; };
		F5E19DF62BCD47EC00513C45 /* SwiftToDoTests.xctest */ = {isa = PBXFileReference; explicitFileType = wrapper.cfbundle; includeInIndex = 0; path = SwiftToDoTests.xctest; sourceTree = BUILT_PRODUCTS_DIR; };
		F5E19DFA2BCD47EC00513C45 /* SwiftToDoTests.swift */ = {isa = PBXFileReference; lastKnownFileType = sourcecode.swift; path = SwiftToDoTests.swift; sourceTree = "<group>"; };
		F5E19E002BCD47EC00513C45 /* SwiftToDoUITests.xctest */ = {isa = PBXFileReference; explicitFileType = wrapper.cfbundle; includeInIndex = 0; path = SwiftToDoUITests.xctest; sourceTree = BUILT_PRODUCTS_DIR; };
		F5E19E042BCD47EC00513C45 /* SwiftToDoUITests.swift */ = {isa = PBXFileReference; lastKnownFileType = sourcecode.swift; path = SwiftToDoUITests.swift; sourceTree = "<group>"; };
		F5E19E062BCD47EC00513C45 /* SwiftToDoUITestsLaunchTests.swift */ = {isa = PBXFileReference; lastKnownFileType = sourcecode.swift; path = SwiftToDoUITestsLaunchTests.swift; sourceTree = "<group>"; };
		F5E19E132BCD47F900513C45 /* Homescreen.swift */ = {isa = PBXFileReference; lastKnownFileType = sourcecode.swift; path = Homescreen.swift; sourceTree = "<group>"; };
/* End PBXFileReference section */

/* Begin PBXFrameworksBuildPhase section */
		F5E19DE32BCD47EA00513C45 /* Frameworks */ = {
			isa = PBXFrameworksBuildPhase;
			buildActionMask = 2147483647;
			files = (
			);
			runOnlyForDeploymentPostprocessing = 0;
		};
		F5E19DF32BCD47EC00513C45 /* Frameworks */ = {
			isa = PBXFrameworksBuildPhase;
			buildActionMask = 2147483647;
			files = (
			);
			runOnlyForDeploymentPostprocessing = 0;
		};
		F5E19DFD2BCD47EC00513C45 /* Frameworks */ = {
			isa = PBXFrameworksBuildPhase;
			buildActionMask = 2147483647;
			files = (
			);
			runOnlyForDeploymentPostprocessing = 0;
		};
/* End PBXFrameworksBuildPhase section */

/* Begin PBXGroup section */
		F5E19DDD2BCD47EA00513C45 = {
			isa = PBXGroup;
			children = (
				F5E19DE82BCD47EA00513C45 /* SwiftToDo */,
				F5E19DF92BCD47EC00513C45 /* SwiftToDoTests */,
				F5E19E032BCD47EC00513C45 /* SwiftToDoUITests */,
				F5E19DE72BCD47EA00513C45 /* Products */,
			);
			sourceTree = "<group>";
		};
		F5E19DE72BCD47EA00513C45 /* Products */ = {
			isa = PBXGroup;
			children = (
				F5E19DE62BCD47EA00513C45 /* SwiftToDo.app */,
				F5E19DF62BCD47EC00513C45 /* SwiftToDoTests.xctest */,
				F5E19E002BCD47EC00513C45 /* SwiftToDoUITests.xctest */,
			);
			name = Products;
			sourceTree = "<group>";
		};
		F5E19DE82BCD47EA00513C45 /* SwiftToDo */ = {
			isa = PBXGroup;
			children = (
				F5E19DE92BCD47EA00513C45 /* SwiftToDoApp.swift */,
				F5E19DEB2BCD47EA00513C45 /* ContentView.swift */,
				F5E19E132BCD47F900513C45 /* Homescreen.swift */,
				F5E19DED2BCD47EC00513C45 /* Assets.xcassets */,
				F5E19DEF2BCD47EC00513C45 /* Preview Content */,
			);
			path = SwiftToDo;
			sourceTree = "<group>";
		};
		F5E19DEF2BCD47EC00513C45 /* Preview Content */ = {
			isa = PBXGroup;
			children = (
				F5E19DF02BCD47EC00513C45 /* Preview Assets.xcassets */,
			);
			path = "Preview Content";
			sourceTree = "<group>";
		};
		F5E19DF92BCD47EC00513C45 /* SwiftToDoTests */ = {
			isa = PBXGroup;
			children = (
				F5E19DFA2BCD47EC00513C45 /* SwiftToDoTests.swift */,
			);
			path = SwiftToDoTests;
			sourceTree = "<group>";
		};
		F5E19E032BCD47EC00513C45 /* SwiftToDoUITests */ = {
			isa = PBXGroup;
			children = (
				F5E19E042BCD47EC00513C45 /* SwiftToDoUITests.swift */,
				F5E19E062BCD47EC00513C45 /* SwiftToDoUITestsLaunchTests.swift */,
			);
			path = SwiftToDoUITests;
			sourceTree = "<group>";
		};
/* End PBXGroup section */

/* Begin PBXNativeTarget section */
		F5E19DE52BCD47EA00513C45 /* SwiftToDo */ = {
			isa = PBXNativeTarget;
			buildConfigurationList = F5E19E0A2BCD47EC00513C45 /* Build configuration list for PBXNativeTarget "SwiftToDo" */;
			buildPhases = (
				F5E19DE22BCD47EA00513C45 /* Sources */,
				F5E19DE32BCD47EA00513C45 /* Frameworks */,
				F5E19DE42BCD47EA00513C45 /* Resources */,
			);
			buildRules = (
			);
			dependencies = (
			);
			name = SwiftToDo;
			productName = SwiftToDo;
			productReference = F5E19DE62BCD47EA00513C45 /* SwiftToDo.app */;
			productType = "com.apple.product-type.application";
		};
		F5E19DF52BCD47EC00513C45 /* SwiftToDoTests */ = {
			isa = PBXNativeTarget;
			buildConfigurationList = F5E19E0D2BCD47EC00513C45 /* Build configuration list for PBXNativeTarget "SwiftToDoTests" */;
			buildPhases = (
				F5E19DF22BCD47EC00513C45 /* Sources */,
				F5E19DF32BCD47EC00513C45 /* Frameworks */,
				F5E19DF42BCD47EC00513C45 /* Resources */,
			);
			buildRules = (
			);
			dependencies = (
				F5E19DF82BCD47EC00513C45 /* PBXTargetDependency */,
			);
			name = SwiftToDoTests;
			productName = SwiftToDoTests;
			productReference = F5E19DF62BCD47EC00513C45 /* SwiftToDoTests.xctest */;
			productType = "com.apple.product-type.bundle.unit-test";
		};
		F5E19DFF2BCD47EC00513C45 /* SwiftToDoUITests */ = {
			isa = PBXNativeTarget;
			buildConfigurationList = F5E19E102BCD47EC00513C45 /* Build configuration list for PBXNativeTarget "SwiftToDoUITests" */;
			buildPhases = (
				F5E19DFC2BCD47EC00513C45 /* Sources */,
				F5E19DFD2BCD47EC00513C45 /* Frameworks */,
				F5E19DFE2BCD47EC00513C45 /* Resources */,
			);
			buildRules = (
			);
			dependencies = (
				F5E19E022BCD47EC00513C45 /* PBXTargetDependency */,
			);
			name = SwiftToDoUITests;
			productName = SwiftToDoUITests;
			productReference = F5E19E002BCD47EC00513C45 /* SwiftToDoUITests.xctest */;
			productType = "com.apple.product-type.bundle.ui-testing";
		};
/* End PBXNativeTarget section */

/* Begin PBXProject section */
		F5E19DDE2BCD47EA00513C45 /* Project object */ = {
			isa = PBXProject;
			attributes = {
				BuildIndependentTargetsInParallel = 1;
				LastSwiftUpdateCheck = 1510;
				LastUpgradeCheck = 1510;
				TargetAttributes = {
					F5E19DE52BCD47EA00513C45 = {
						CreatedOnToolsVersion = 15.1;
					};
					F5E19DF52BCD47EC00513C45 = {
						CreatedOnToolsVersion = 15.1;
						TestTargetID = F5E19DE52BCD47EA00513C45;
					};
					F5E19DFF2BCD47EC00513C45 = {
						CreatedOnToolsVersion = 15.1;
						TestTargetID = F5E19DE52BCD47EA00513C45;
					};
				};
			};
			buildConfigurationList = F5E19DE12BCD47EA00513C45 /* Build configuration list for PBXProject "SwiftToDo" */;
			compatibilityVersion = "Xcode 14.0";
			developmentRegion = en;
			hasScannedForEncodings = 0;
			knownRegions = (
				en,
				Base,
			);
			mainGroup = F5E19DDD2BCD47EA00513C45;
			productRefGroup = F5E19DE72BCD47EA00513C45 /* Products */;
			projectDirPath = "";
			projectRoot = "";
			targets = (
				F5E19DE52BCD47EA00513C45 /* SwiftToDo */,
				F5E19DF52BCD47EC00513C45 /* SwiftToDoTests */,
				F5E19DFF2BCD47EC00513C45 /* SwiftToDoUITests */,
			);
		};
/* End PBXProject section */

/* Begin PBXResourcesBuildPhase section */
		F5E19DE42BCD47EA00513C45 /* Resources */ = {
			isa = PBXResourcesBuildPhase;
			buildActionMask = 2147483647;
			files = (
				F5E19DF12BCD47EC00513C45 /* Preview Assets.xcassets in Resources */,
				F5E19DEE2BCD47EC00513C45 /* Assets.xcassets in Resources */,
			);
			runOnlyForDeploymentPostprocessing = 0;
		};
		F5E19DF42BCD47EC00513C45 /* Resources */ = {
			isa = PBXResourcesBuildPhase;
			buildActionMask = 2147483647;
			files = (
			);
			runOnlyForDeploymentPostprocessing = 0;
		};
		F5E19DFE2BCD47EC00513C45 /* Resources */ = {
			isa = PBXResourcesBuildPhase;
			buildActionMask = 2147483647;
			files = (
			);
			runOnlyForDeploymentPostprocessing = 0;
		};
/* End PBXResourcesBuildPhase section */

/* Begin PBXSourcesBuildPhase section */
		F5E19DE22BCD47EA00513C45 /* Sources */ = {
			isa = PBXSourcesBuildPhase;
			buildActionMask = 2147483647;
			files = (
				F5E19DEC2BCD47EA00513C45 /* ContentView.swift in Sources */,
				F5E19E142BCD47F900513C45 /* Homescreen.swift in Sources */,
				F5E19DEA2BCD47EA00513C45 /* SwiftToDoApp.swift in Sources */,
			);
			runOnlyForDeploymentPostprocessing = 0;
		};
		F5E19DF22BCD47EC00513C45 /* Sources */ = {
			isa = PBXSourcesBuildPhase;
			buildActionMask = 2147483647;
			files = (
				F5E19DFB2BCD47EC00513C45 /* SwiftToDoTests.swift in Sources */,
			);
			runOnlyForDeploymentPostprocessing = 0;
		};
		F5E19DFC2BCD47EC00513C45 /* Sources */ = {
			isa = PBXSourcesBuildPhase;
			buildActionMask = 2147483647;
			files = (
				F5E19E072BCD47EC00513C45 /* SwiftToDoUITestsLaunchTests.swift in Sources */,
				F5E19E052BCD47EC00513C45 /* SwiftToDoUITests.swift in Sources */,
			);
			runOnlyForDeploymentPostprocessing = 0;
		};
/* End PBXSourcesBuildPhase section */

/* Begin PBXTargetDependency section */
		F5E19DF82BCD47EC00513C45 /* PBXTargetDependency */ = {
			isa = PBXTargetDependency;
			target = F5E19DE52BCD47EA00513C45 /* SwiftToDo */;
			targetProxy = F5E19DF72BCD47EC00513C45 /* PBXContainerItemProxy */;
		};
		F5E19E022BCD47EC00513C45 /* PBXTargetDependency */ = {
			isa = PBXTargetDependency;
			target = F5E19DE52BCD47EA00513C45 /* SwiftToDo */;
			targetProxy = F5E19E012BCD47EC00513C45 /* PBXContainerItemProxy */;
		};
/* End PBXTargetDependency section */

/* Begin XCBuildConfiguration section */
		F5E19E082BCD47EC00513C45 /* Debug */ = {
			isa = XCBuildConfiguration;
			buildSettings = {
				ALWAYS_SEARCH_USER_PATHS = NO;
				ASSETCATALOG_COMPILER_GENERATE_SWIFT_ASSET_SYMBOL_EXTENSIONS = YES;
				CLANG_ANALYZER_NONNULL = YES;
				CLANG_ANALYZER_NUMBER_OBJECT_CONVERSION = YES_AGGRESSIVE;
				CLANG_CXX_LANGUAGE_STANDARD = "gnu++20";
				CLANG_ENABLE_MODULES = YES;
				CLANG_ENABLE_OBJC_ARC = YES;
				CLANG_ENABLE_OBJC_WEAK = YES;
				CLANG_WARN_BLOCK_CAPTURE_AUTORELEASING = YES;
				CLANG_WARN_BOOL_CONVERSION = YES;
				CLANG_WARN_COMMA = YES;
				CLANG_WARN_CONSTANT_CONVERSION = YES;
				CLANG_WARN_DEPRECATED_OBJC_IMPLEMENTATIONS = YES;
				CLANG_WARN_DIRECT_OBJC_ISA_USAGE = YES_ERROR;
				CLANG_WARN_DOCUMENTATION_COMMENTS = YES;
				CLANG_WARN_EMPTY_BODY = YES;
				CLANG_WARN_ENUM_CONVERSION = YES;
				CLANG_WARN_INFINITE_RECURSION = YES;
				CLANG_WARN_INT_CONVERSION = YES;
				CLANG_WARN_NON_LITERAL_NULL_CONVERSION = YES;
				CLANG_WARN_OBJC_IMPLICIT_RETAIN_SELF = YES;
				CLANG_WARN_OBJC_LITERAL_CONVERSION = YES;
				CLANG_WARN_OBJC_ROOT_CLASS = YES_ERROR;
				CLANG_WARN_QUOTED_INCLUDE_IN_FRAMEWORK_HEADER = YES;
				CLANG_WARN_RANGE_LOOP_ANALYSIS = YES;
				CLANG_WARN_STRICT_PROTOTYPES = YES;
				CLANG_WARN_SUSPICIOUS_MOVE = YES;
				CLANG_WARN_UNGUARDED_AVAILABILITY = YES_AGGRESSIVE;
				CLANG_WARN_UNREACHABLE_CODE = YES;
				CLANG_WARN__DUPLICATE_METHOD_MATCH = YES;
				COPY_PHASE_STRIP = NO;
				DEBUG_INFORMATION_FORMAT = dwarf;
				ENABLE_STRICT_OBJC_MSGSEND = YES;
				ENABLE_TESTABILITY = YES;
				ENABLE_USER_SCRIPT_SANDBOXING = YES;
				GCC_C_LANGUAGE_STANDARD = gnu17;
				GCC_DYNAMIC_NO_PIC = NO;
				GCC_NO_COMMON_BLOCKS = YES;
				GCC_OPTIMIZATION_LEVEL = 0;
				GCC_PREPROCESSOR_DEFINITIONS = (
					"DEBUG=1",
					"$(inherited)",
				);
				GCC_WARN_64_TO_32_BIT_CONVERSION = YES;
				GCC_WARN_ABOUT_RETURN_TYPE = YES_ERROR;
				GCC_WARN_UNDECLARED_SELECTOR = YES;
				GCC_WARN_UNINITIALIZED_AUTOS = YES_AGGRESSIVE;
				GCC_WARN_UNUSED_FUNCTION = YES;
				GCC_WARN_UNUSED_VARIABLE = YES;
				IPHONEOS_DEPLOYMENT_TARGET = 17.2;
				LOCALIZATION_PREFERS_STRING_CATALOGS = YES;
				MTL_ENABLE_DEBUG_INFO = INCLUDE_SOURCE;
				MTL_FAST_MATH = YES;
				ONLY_ACTIVE_ARCH = YES;
				SDKROOT = iphoneos;
				SWIFT_ACTIVE_COMPILATION_CONDITIONS = "DEBUG $(inherited)";
				SWIFT_OPTIMIZATION_LEVEL = "-Onone";
			};
			name = Debug;
		};
		F5E19E092BCD47EC00513C45 /* Release */ = {
			isa = XCBuildConfiguration;
			buildSettings = {
				ALWAYS_SEARCH_USER_PATHS = NO;
				ASSETCATALOG_COMPILER_GENERATE_SWIFT_ASSET_SYMBOL_EXTENSIONS = YES;
				CLANG_ANALYZER_NONNULL = YES;
				CLANG_ANALYZER_NUMBER_OBJECT_CONVERSION = YES_AGGRESSIVE;
				CLANG_CXX_LANGUAGE_STANDARD = "gnu++20";
				CLANG_ENABLE_MODULES = YES;
				CLANG_ENABLE_OBJC_ARC = YES;
				CLANG_ENABLE_OBJC_WEAK = YES;
				CLANG_WARN_BLOCK_CAPTURE_AUTORELEASING = YES;
				CLANG_WARN_BOOL_CONVERSION = YES;
				CLANG_WARN_COMMA = YES;
				CLANG_WARN_CONSTANT_CONVERSION = YES;
				CLANG_WARN_DEPRECATED_OBJC_IMPLEMENTATIONS = YES;
				CLANG_WARN_DIRECT_OBJC_ISA_USAGE = YES_ERROR;
				CLANG_WARN_DOCUMENTATION_COMMENTS = YES;
				CLANG_WARN_EMPTY_BODY = YES;
				CLANG_WARN_ENUM_CONVERSION = YES;
				CLANG_WARN_INFINITE_RECURSION = YES;
				CLANG_WARN_INT_CONVERSION = YES;
				CLANG_WARN_NON_LITERAL_NULL_CONVERSION = YES;
				CLANG_WARN_OBJC_IMPLICIT_RETAIN_SELF = YES;
				CLANG_WARN_OBJC_LITERAL_CONVERSION = YES;
				CLANG_WARN_OBJC_ROOT_CLASS = YES_ERROR;
				CLANG_WARN_QUOTED_INCLUDE_IN_FRAMEWORK_HEADER = YES;
				CLANG_WARN_RANGE_LOOP_ANALYSIS = YES;
				CLANG_WARN_STRICT_PROTOTYPES = YES;
				CLANG_WARN_SUSPICIOUS_MOVE = YES;
				CLANG_WARN_UNGUARDED_AVAILABILITY = YES_AGGRESSIVE;
				CLANG_WARN_UNREACHABLE_CODE = YES;
				CLANG_WARN__DUPLICATE_METHOD_MATCH = YES;
				COPY_PHASE_STRIP = NO;
				DEBUG_INFORMATION_FORMAT = "dwarf-with-dsym";
				ENABLE_NS_ASSERTIONS = NO;
				ENABLE_STRICT_OBJC_MSGSEND = YES;
				ENABLE_USER_SCRIPT_SANDBOXING = YES;
				GCC_C_LANGUAGE_STANDARD = gnu17;
				GCC_NO_COMMON_BLOCKS = YES;
				GCC_WARN_64_TO_32_BIT_CONVERSION = YES;
				GCC_WARN_ABOUT_RETURN_TYPE = YES_ERROR;
				GCC_WARN_UNDECLARED_SELECTOR = YES;
				GCC_WARN_UNINITIALIZED_AUTOS = YES_AGGRESSIVE;
				GCC_WARN_UNUSED_FUNCTION = YES;
				GCC_WARN_UNUSED_VARIABLE = YES;
				IPHONEOS_DEPLOYMENT_TARGET = 17.2;
				LOCALIZATION_PREFERS_STRING_CATALOGS = YES;
				MTL_ENABLE_DEBUG_INFO = NO;
				MTL_FAST_MATH = YES;
				SDKROOT = iphoneos;
				SWIFT_COMPILATION_MODE = wholemodule;
				VALIDATE_PRODUCT = YES;
			};
			name = Release;
		};
		F5E19E0B2BCD47EC00513C45 /* Debug */ = {
			isa = XCBuildConfiguration;
			buildSettings = {
				ASSETCATALOG_COMPILER_APPICON_NAME = AppIcon;
				ASSETCATALOG_COMPILER_GLOBAL_ACCENT_COLOR_NAME = AccentColor;
				CODE_SIGN_STYLE = Automatic;
				CURRENT_PROJECT_VERSION = 1;
				DEVELOPMENT_ASSET_PATHS = "\"SwiftToDo/Preview Content\"";
				DEVELOPMENT_TEAM = 8SLF4FJFU6;
				ENABLE_PREVIEWS = YES;
				GENERATE_INFOPLIST_FILE = YES;
				INFOPLIST_KEY_UIApplicationSceneManifest_Generation = YES;
				INFOPLIST_KEY_UIApplicationSupportsIndirectInputEvents = YES;
				INFOPLIST_KEY_UILaunchScreen_Generation = YES;
				INFOPLIST_KEY_UISupportedInterfaceOrientations_iPad = "UIInterfaceOrientationPortrait UIInterfaceOrientationPortraitUpsideDown UIInterfaceOrientationLandscapeLeft UIInterfaceOrientationLandscapeRight";
				INFOPLIST_KEY_UISupportedInterfaceOrientations_iPhone = "UIInterfaceOrientationPortrait UIInterfaceOrientationLandscapeLeft UIInterfaceOrientationLandscapeRight";
				LD_RUNPATH_SEARCH_PATHS = (
					"$(inherited)",
					"@executable_path/Frameworks",
				);
				MARKETING_VERSION = 1.0;
				PRODUCT_BUNDLE_IDENTIFIER = kaangenis.SwiftToDo;
				PRODUCT_NAME = "$(TARGET_NAME)";
				SWIFT_EMIT_LOC_STRINGS = YES;
				SWIFT_VERSION = 5.0;
				TARGETED_DEVICE_FAMILY = "1,2";
			};
			name = Debug;
		};
		F5E19E0C2BCD47EC00513C45 /* Release */ = {
			isa = XCBuildConfiguration;
			buildSettings = {
				ASSETCATALOG_COMPILER_APPICON_NAME = AppIcon;
				ASSETCATALOG_COMPILER_GLOBAL_ACCENT_COLOR_NAME = AccentColor;
				CODE_SIGN_STYLE = Automatic;
				CURRENT_PROJECT_VERSION = 1;
				DEVELOPMENT_ASSET_PATHS = "\"SwiftToDo/Preview Content\"";
				DEVELOPMENT_TEAM = 8SLF4FJFU6;
				ENABLE_PREVIEWS = YES;
				GENERATE_INFOPLIST_FILE = YES;
				INFOPLIST_KEY_UIApplicationSceneManifest_Generation = YES;
				INFOPLIST_KEY_UIApplicationSupportsIndirectInputEvents = YES;
				INFOPLIST_KEY_UILaunchScreen_Generation = YES;
				INFOPLIST_KEY_UISupportedInterfaceOrientations_iPad = "UIInterfaceOrientationPortrait UIInterfaceOrientationPortraitUpsideDown UIInterfaceOrientationLandscapeLeft UIInterfaceOrientationLandscapeRight";
				INFOPLIST_KEY_UISupportedInterfaceOrientations_iPhone = "UIInterfaceOrientationPortrait UIInterfaceOrientationLandscapeLeft UIInterfaceOrientationLandscapeRight";
				LD_RUNPATH_SEARCH_PATHS = (
					"$(inherited)",
					"@executable_path/Frameworks",
				);
				MARKETING_VERSION = 1.0;
				PRODUCT_BUNDLE_IDENTIFIER = kaangenis.SwiftToDo;
				PRODUCT_NAME = "$(TARGET_NAME)";
				SWIFT_EMIT_LOC_STRINGS = YES;
				SWIFT_VERSION = 5.0;
				TARGETED_DEVICE_FAMILY = "1,2";
			};
			name = Release;
		};
		F5E19E0E2BCD47EC00513C45 /* Debug */ = {
			isa = XCBuildConfiguration;
			buildSettings = {
				ALWAYS_EMBED_SWIFT_STANDARD_LIBRARIES = YES;
				BUNDLE_LOADER = "$(TEST_HOST)";
				CODE_SIGN_STYLE = Automatic;
				CURRENT_PROJECT_VERSION = 1;
				DEVELOPMENT_TEAM = 8SLF4FJFU6;
				GENERATE_INFOPLIST_FILE = YES;
				IPHONEOS_DEPLOYMENT_TARGET = 17.2;
				MARKETING_VERSION = 1.0;
				PRODUCT_BUNDLE_IDENTIFIER = kaangenis.SwiftToDoTests;
				PRODUCT_NAME = "$(TARGET_NAME)";
				SWIFT_EMIT_LOC_STRINGS = NO;
				SWIFT_VERSION = 5.0;
				TARGETED_DEVICE_FAMILY = "1,2";
				TEST_HOST = "$(BUILT_PRODUCTS_DIR)/SwiftToDo.app/$(BUNDLE_EXECUTABLE_FOLDER_PATH)/SwiftToDo";
			};
			name = Debug;
		};
		F5E19E0F2BCD47EC00513C45 /* Release */ = {
			isa = XCBuildConfiguration;
			buildSettings = {
				ALWAYS_EMBED_SWIFT_STANDARD_LIBRARIES = YES;
				BUNDLE_LOADER = "$(TEST_HOST)";
				CODE_SIGN_STYLE = Automatic;
				CURRENT_PROJECT_VERSION = 1;
				DEVELOPMENT_TEAM = 8SLF4FJFU6;
				GENERATE_INFOPLIST_FILE = YES;
				IPHONEOS_DEPLOYMENT_TARGET = 17.2;
				MARKETING_VERSION = 1.0;
				PRODUCT_BUNDLE_IDENTIFIER = kaangenis.SwiftToDoTests;
				PRODUCT_NAME = "$(TARGET_NAME)";
				SWIFT_EMIT_LOC_STRINGS = NO;
				SWIFT_VERSION = 5.0;
				TARGETED_DEVICE_FAMILY = "1,2";
				TEST_HOST = "$(BUILT_PRODUCTS_DIR)/SwiftToDo.app/$(BUNDLE_EXECUTABLE_FOLDER_PATH)/SwiftToDo";
			};
			name = Release;
		};
		F5E19E112BCD47EC00513C45 /* Debug */ = {
			isa = XCBuildConfiguration;
			buildSettings = {
				ALWAYS_EMBED_SWIFT_STANDARD_LIBRARIES = YES;
				CODE_SIGN_STYLE = Automatic;
				CURRENT_PROJECT_VERSION = 1;
				DEVELOPMENT_TEAM = 8SLF4FJFU6;
				GENERATE_INFOPLIST_FILE = YES;
				MARKETING_VERSION = 1.0;
				PRODUCT_BUNDLE_IDENTIFIER = kaangenis.SwiftToDoUITests;
				PRODUCT_NAME = "$(TARGET_NAME)";
				SWIFT_EMIT_LOC_STRINGS = NO;
				SWIFT_VERSION = 5.0;
				TARGETED_DEVICE_FAMILY = "1,2";
				TEST_TARGET_NAME = SwiftToDo;
			};
			name = Debug;
		};
		F5E19E122BCD47EC00513C45 /* Release */ = {
			isa = XCBuildConfiguration;
			buildSettings = {
				ALWAYS_EMBED_SWIFT_STANDARD_LIBRARIES = YES;
				CODE_SIGN_STYLE = Automatic;
				CURRENT_PROJECT_VERSION = 1;
				DEVELOPMENT_TEAM = 8SLF4FJFU6;
				GENERATE_INFOPLIST_FILE = YES;
				MARKETING_VERSION = 1.0;
				PRODUCT_BUNDLE_IDENTIFIER = kaangenis.SwiftToDoUITests;
				PRODUCT_NAME = "$(TARGET_NAME)";
				SWIFT_EMIT_LOC_STRINGS = NO;
				SWIFT_VERSION = 5.0;
				TARGETED_DEVICE_FAMILY = "1,2";
				TEST_TARGET_NAME = SwiftToDo;
			};
			name = Release;
		};
/* End XCBuildConfiguration section */

/* Begin XCConfigurationList section */
		F5E19DE12BCD47EA00513C45 /* Build configuration list for PBXProject "SwiftToDo" */ = {
			isa = XCConfigurationList;
			buildConfigurations = (
				F5E19E082BCD47EC00513C45 /* Debug */,
				F5E19E092BCD47EC00513C45 /* Release */,
			);
			defaultConfigurationIsVisible = 0;
			defaultConfigurationName = Release;
		};
		F5E19E0A2BCD47EC00513C45 /* Build configuration list for PBXNativeTarget "SwiftToDo" */ = {
			isa = XCConfigurationList;
			buildConfigurations = (
				F5E19E0B2BCD47EC00513C45 /* Debug */,
				F5E19E0C2BCD47EC00513C45 /* Release */,
			);
			defaultConfigurationIsVisible = 0;
			defaultConfigurationName = Release;
		};
		F5E19E0D2BCD47EC00513C45 /* Build configuration list for PBXNativeTarget "SwiftToDoTests" */ = {
			isa = XCConfigurationList;
			buildConfigurations = (
				F5E19E0E2BCD47EC00513C45 /* Debug */,
				F5E19E0F2BCD47EC00513C45 /* Release */,
			);
			defaultConfigurationIsVisible = 0;
			defaultConfigurationName = Release;
		};
		F5E19E102BCD47EC00513C45 /* Build configuration list for PBXNativeTarget "SwiftToDoUITests" */ = {
			isa = XCConfigurationList;
			buildConfigurations = (
				F5E19E112BCD47EC00513C45 /* Debug */,
				F5E19E122BCD47EC00513C45 /* Release */,
			);
			defaultConfigurationIsVisible = 0;
			defaultConfigurationName = Release;
		};
/* End XCConfigurationList section */
	};
	rootObject = F5E19DDE2BCD47EA00513C45 /* Project object */;
}
